Microsoft Visual Studio Solution File, Format Version 12.00
# Visual Studio Version 17
VisualStudioVersion = 17.5.2.0
MinimumVisualStudioVersion = 10.0.40219.1
Project("{FAE04EC0-301F-11D3-BF4B-00C04F79EFBC}") = "getJobsJooble", "getJobsJooble.csproj", "{4C857D40-EF8F-6085-2E91-7F43280238F7}"
EndProject
Global
	GlobalSection(SolutionConfigurationPlatforms) = preSolution
		Debug|Any CPU = Debug|Any CPU
		Release|Any CPU = Release|Any CPU
	EndGlobalSection
	GlobalSection(ProjectConfigurationPlatforms) = postSolution
		{4C857D40-EF8F-6085-2E91-7F43280238F7}.Debug|Any CPU.ActiveCfg = Debug|Any CPU
		{4C857D40-EF8F-6085-2E91-7F43280238F7}.Debug|Any CPU.Build.0 = Debug|Any CPU
		{4C857D40-EF8F-6085-2E91-7F43280238F7}.Release|Any CPU.ActiveCfg = Release|Any CPU
		{4C857D40-EF8F-6085-2E91-7F43280238F7}.Release|Any CPU.Build.0 = Release|Any CPU
	EndGlobalSection
	GlobalSection(SolutionProperties) = preSolution
		HideSolutionNode = FALSE
	EndGlobalSection
	GlobalSection(ExtensibilityGlobals) = postSolution
		SolutionGuid = {B820B74A-A510-4195-919D-C7DC72C925EE}
	EndGlobalSection
EndGlobal
